
Microsoft Visual Studio Solution File, Format Version 12.00
# Visual Studio Version 17
VisualStudioVersion = 17.5.002.0
MinimumVisualStudioVersion = 10.0.40219.1
Project("{9A19103F-16F7-4668-BE54-9A1E7A4F7556}") = "19_1", "19_1.csproj", "{FA218B98-71EB-44BB-9853-16ADDFF2E217}"
EndProject
Global
	GlobalSection(SolutionConfigurationPlatforms) = preSolution
		Debug|Any CPU = Debug|Any CPU
		Release|Any CPU = Release|Any CPU
	EndGlobalSection
	GlobalSection(ProjectConfigurationPlatforms) = postSolution
		{FA218B98-71EB-44BB-9853-16ADDFF2E217}.Debug|Any CPU.ActiveCfg = Debug|Any CPU
		{FA218B98-71EB-44BB-9853-16ADDFF2E217}.Debug|Any CPU.Build.0 = Debug|Any CPU
		{FA218B98-71EB-44BB-9853-16ADDFF2E217}.Release|Any CPU.ActiveCfg = Release|Any CPU
		{FA218B98-71EB-44BB-9853-16ADDFF2E217}.Release|Any CPU.Build.0 = Release|Any CPU
	EndGlobalSection
	GlobalSection(SolutionProperties) = preSolution
		HideSolutionNode = FALSE
	EndGlobalSection
	GlobalSection(ExtensibilityGlobals) = postSolution
		SolutionGuid = {4D217DD4-7A32-4781-BD7F-6E2A7B7DE786}
	EndGlobalSection
EndGlobal
